
Microsoft Visual Studio Solution File, Format Version 12.00
# Visual Studio Version 17
VisualStudioVersion = 17.4.32804.182
MinimumVisualStudioVersion = 10.0.40219.1
Project("{FAE04EC0-301F-11D3-BF4B-00C04F79EFBC}") = "videoaddress", "videoaddress\videoaddress.csproj", "{8303D3ED-F23E-414F-9A84-2FCB3D51500E}"
EndProject
Global
	GlobalSection(SolutionConfigurationPlatforms) = preSolution
		Debug|Any CPU = Debug|Any CPU
		Release|Any CPU = Release|Any CPU
	EndGlobalSection
	GlobalSection(ProjectConfigurationPlatforms) = postSolution
		{8303D3ED-F23E-414F-9A84-2FCB3D51500E}.Debug|Any CPU.ActiveCfg = Debug|Any CPU
		{8303D3ED-F23E-414F-9A84-2FCB3D51500E}.Debug|Any CPU.Build.0 = Debug|Any CPU
		{8303D3ED-F23E-414F-9A84-2FCB3D51500E}.Release|Any CPU.ActiveCfg = Release|Any CPU
		{8303D3ED-F23E-414F-9A84-2FCB3D51500E}.Release|Any CPU.Build.0 = Release|Any CPU
	EndGlobalSection
	GlobalSection(SolutionProperties) = preSolution
		HideSolutionNode = FALSE
	EndGlobalSection
	GlobalSection(ExtensibilityGlobals) = postSolution
		SolutionGuid = {B294A22E-3AD6-435B-8220-FE28CCC52389}
	EndGlobalSection
EndGlobal
