
Microsoft Visual Studio Solution File, Format Version 12.00
# Visual Studio Version 17
VisualStudioVersion = 17.4.32804.182
MinimumVisualStudioVersion = 10.0.40219.1
Project("{FAE04EC0-301F-11D3-BF4B-00C04F79EFBC}") = "fontrom", "fontrom\fontrom.csproj", "{9F6DC5AF-06B3-4C88-B7C6-D71A55DDFA79}"
EndProject
Global
	GlobalSection(SolutionConfigurationPlatforms) = preSolution
		Debug|Any CPU = Debug|Any CPU
		Release|Any CPU = Release|Any CPU
	EndGlobalSection
	GlobalSection(ProjectConfigurationPlatforms) = postSolution
		{9F6DC5AF-06B3-4C88-B7C6-D71A55DDFA79}.Debug|Any CPU.ActiveCfg = Debug|Any CPU
		{9F6DC5AF-06B3-4C88-B7C6-D71A55DDFA79}.Debug|Any CPU.Build.0 = Debug|Any CPU
		{9F6DC5AF-06B3-4C88-B7C6-D71A55DDFA79}.Release|Any CPU.ActiveCfg = Release|Any CPU
		{9F6DC5AF-06B3-4C88-B7C6-D71A55DDFA79}.Release|Any CPU.Build.0 = Release|Any CPU
	EndGlobalSection
	GlobalSection(SolutionProperties) = preSolution
		HideSolutionNode = FALSE
	EndGlobalSection
	GlobalSection(ExtensibilityGlobals) = postSolution
		SolutionGuid = {4CEB0183-A674-4630-9E38-F510B01D7BCE}
	EndGlobalSection
EndGlobal
