
Microsoft Visual Studio Solution File, Format Version 12.00
# Visual Studio Version 17
VisualStudioVersion = 17.4.32804.182
MinimumVisualStudioVersion = 10.0.40219.1
Project("{FAE04EC0-301F-11D3-BF4B-00C04F79EFBC}") = "syncsignals", "syncsignals\syncsignals.csproj", "{558D4D9D-23B3-409C-A779-FD94908B0733}"
EndProject
Global
	GlobalSection(SolutionConfigurationPlatforms) = preSolution
		Debug|Any CPU = Debug|Any CPU
		Release|Any CPU = Release|Any CPU
	EndGlobalSection
	GlobalSection(ProjectConfigurationPlatforms) = postSolution
		{558D4D9D-23B3-409C-A779-FD94908B0733}.Debug|Any CPU.ActiveCfg = Debug|Any CPU
		{558D4D9D-23B3-409C-A779-FD94908B0733}.Debug|Any CPU.Build.0 = Debug|Any CPU
		{558D4D9D-23B3-409C-A779-FD94908B0733}.Release|Any CPU.ActiveCfg = Release|Any CPU
		{558D4D9D-23B3-409C-A779-FD94908B0733}.Release|Any CPU.Build.0 = Release|Any CPU
	EndGlobalSection
	GlobalSection(SolutionProperties) = preSolution
		HideSolutionNode = FALSE
	EndGlobalSection
	GlobalSection(ExtensibilityGlobals) = postSolution
		SolutionGuid = {BD8B14C6-DD64-4A5F-A782-AB1A095A333D}
	EndGlobalSection
EndGlobal
